# Read-only source consumed by the ISO build adapter.
# The build refuses to continue if the local clone has moved or is dirty.
aero7_shell_path=../aero7-beta2-test-inputs/aero7-shell-pinned
aero7_shell_origin=https://github.com/memegeko/aero7-shell.git
aero7_shell_commit=cf4d1d8969dfa5ae84308c937cc60146ea59f216
aero7_shell_status_sha256=3b842d51ce115db9b7d9509498f1a87768f8454619c67785b8e179086b5be4ed
aero7_repository_url=https://memegeko.github.io/aero7-repo/$arch
aero7_repository_fingerprint=72C79ABBBBE96446DD3324042694BFE1090F4FD6
plymouth_vista_origin=https://github.com/furkrn/PlymouthVista.git
plymouth_vista_commit=e2b9605a7b4d649bb0e314cce8bbe9912633cfef
aerothemeplasma_origin=https://github.com/memegeko/aerothemeplasma.git
aerothemeplasma_commit=2610376f77c95377be3feca1bdff215900ce81d5
smod_origin=https://gitgud.io/aeroshell/smod.git
smod_commit=f3722949cb2fd0d5cb5cb20a7f439b1b4b936ca0
